
Microsoft Visual Studio Solution File, Format Version 12.00
# Visual Studio Version 16
VisualStudioVersion = 16.0.30711.63
MinimumVisualStudioVersion = 10.0.40219.1
Project("{9A19103F-16F7-4668-BE54-9A1E7A4F7556}") = "Infra.API", "Infra.API\Infra.API.csproj", "{68E7B277-B2B3-4887-9CD2-EA78CB93F2AB}"
EndProject
Project("{9A19103F-16F7-4668-BE54-9A1E7A4F7556}") = "Infra.MongoDB", "Infra.MongoDB\Infra.MongoDB.csproj", "{8D9000EB-A23F-470F-98B4-6B039959E6AC}"
EndProject
Project("{E53339B2-1760-4266-BCC7-CA923CBCF16C}") = "docker-compose", "docker-compose.dcproj", "{E8D751B9-67BE-42CF-8848-2C2CE2197AC6}"
EndProject
Project("{FAE04EC0-301F-11D3-BF4B-00C04F79EFBC}") = "Infra.Caching", "Infra.Caching\Infra.Caching.csproj", "{35D30C90-A0C6-4399-B9D3-4EEEB5D0C0BE}"
EndProject
Global
	GlobalSection(SolutionConfigurationPlatforms) = preSolution
		Debug|Any CPU = Debug|Any CPU
		Release|Any CPU = Release|Any CPU
	EndGlobalSection
	GlobalSection(ProjectConfigurationPlatforms) = postSolution
		{68E7B277-B2B3-4887-9CD2-EA78CB93F2AB}.Debug|Any CPU.ActiveCfg = Debug|Any CPU
		{68E7B277-B2B3-4887-9CD2-EA78CB93F2AB}.Debug|Any CPU.Build.0 = Debug|Any CPU
		{68E7B277-B2B3-4887-9CD2-EA78CB93F2AB}.Release|Any CPU.ActiveCfg = Release|Any CPU
		{68E7B277-B2B3-4887-9CD2-EA78CB93F2AB}.Release|Any CPU.Build.0 = Release|Any CPU
		{8D9000EB-A23F-470F-98B4-6B039959E6AC}.Debug|Any CPU.ActiveCfg = Debug|Any CPU
		{8D9000EB-A23F-470F-98B4-6B039959E6AC}.Debug|Any CPU.Build.0 = Debug|Any CPU
		{8D9000EB-A23F-470F-98B4-6B039959E6AC}.Release|Any CPU.ActiveCfg = Release|Any CPU
		{8D9000EB-A23F-470F-98B4-6B039959E6AC}.Release|Any CPU.Build.0 = Release|Any CPU
		{E8D751B9-67BE-42CF-8848-2C2CE2197AC6}.Debug|Any CPU.ActiveCfg = Debug|Any CPU
		{E8D751B9-67BE-42CF-8848-2C2CE2197AC6}.Debug|Any CPU.Build.0 = Debug|Any CPU
		{E8D751B9-67BE-42CF-8848-2C2CE2197AC6}.Release|Any CPU.ActiveCfg = Release|Any CPU
		{E8D751B9-67BE-42CF-8848-2C2CE2197AC6}.Release|Any CPU.Build.0 = Release|Any CPU
		{35D30C90-A0C6-4399-B9D3-4EEEB5D0C0BE}.Debug|Any CPU.ActiveCfg = Debug|Any CPU
		{35D30C90-A0C6-4399-B9D3-4EEEB5D0C0BE}.Debug|Any CPU.Build.0 = Debug|Any CPU
		{35D30C90-A0C6-4399-B9D3-4EEEB5D0C0BE}.Release|Any CPU.ActiveCfg = Release|Any CPU
		{35D30C90-A0C6-4399-B9D3-4EEEB5D0C0BE}.Release|Any CPU.Build.0 = Release|Any CPU
	EndGlobalSection
	GlobalSection(SolutionProperties) = preSolution
		HideSolutionNode = FALSE
	EndGlobalSection
	GlobalSection(ExtensibilityGlobals) = postSolution
		SolutionGuid = {E5F4A05F-1B2B-470E-9CC3-DC1D7834C7AE}
	EndGlobalSection
EndGlobal
